// !$*UTF8*$!
{
	archiveVersion = 1;
	classes = {
	};
	objectVersion = 50;
	objects = {

/* Begin PBXBuildFile section */
		63C933112265674100671213 /* AppDelegate.swift in Sources */ = {isa = PBXBuildFile; fileRef = 63C933102265674100671213 /* AppDelegate.swift */; };
		63C933182265674400671213 /* Assets.xcassets in Resources */ = {isa = PBXBuildFile; fileRef = 63C933172265674400671213 /* Assets.xcassets */; };
		63C9331B2265674400671213 /* LaunchScreen.storyboard in Resources */ = {isa = PBXBuildFile; fileRef = 63C933192265674400671213 /* LaunchScreen.storyboard */; };
		63C9332322656B6000671213 /* HomeViewController.swift in Sources */ = {isa = PBXBuildFile; fileRef = 63C9332222656B6000671213 /* HomeViewController.swift */; };
		63C9332A2265AF0200671213 /* KiClipperHelper.swift in Sources */ = {isa = PBXBuildFile; fileRef = 63C933272265AF0200671213 /* KiClipperHelper.swift */; };
		63C9332B2265AF0200671213 /* KiImageClipperViewController.swift in Sources */ = {isa = PBXBuildFile; fileRef = 63C933282265AF0200671213 /* KiImageClipperViewController.swift */; };
		63C9332C2265AF0200671213 /* KiClipperView.swift in Sources */ = {isa = PBXBuildFile; fileRef = 63C933292265AF0200671213 /* KiClipperView.swift */; };
		8EE8358059BC5F3D359C43AA /* Pods_MediaEditDemo.framework in Frameworks */ = {isa = PBXBuildFile; fileRef = 61C74250422D9A5D8547DE8C /* Pods_MediaEditDemo.framework */; };
/* End PBXBuildFile section */

/* Begin PBXFileReference section */
		61C74250422D9A5D8547DE8C /* Pods_MediaEditDemo.framework */ = {isa = PBXFileReference; explicitFileType = wrapper.framework; includeInIndex = 0; path = Pods_MediaEditDemo.framework; sourceTree = BUILT_PRODUCTS_DIR; };
		63C9330D2265674100671213 /* MediaEditDemo.app */ = {isa = PBXFileReference; explicitFileType = wrapper.application; includeInIndex = 0; path = MediaEditDemo.app; sourceTree = BUILT_PRODUCTS_DIR; };
		63C933102265674100671213 /* AppDelegate.swift */ = {isa = PBXFileReference; lastKnownFileType = sourcecode.swift; path = AppDelegate.swift; sourceTree = "<group>"; };
		63C933172265674400671213 /* Assets.xcassets */ = {isa = PBXFileReference; lastKnownFileType = folder.assetcatalog; path = Assets.xcassets; sourceTree = "<group>"; };
		63C9331A2265674400671213 /* Base */ = {isa = PBXFileReference; lastKnownFileType = file.storyboard; name = Base; path = Base.lproj/LaunchScreen.storyboard; sourceTree = "<group>"; };
		63C9331C2265674400671213 /* Info.plist */ = {isa = PBXFileReference; lastKnownFileType = text.plist.xml; path = Info.plist; sourceTree = "<group>"; };
		63C9332222656B6000671213 /* HomeViewController.swift */ = {isa = PBXFileReference; lastKnownFileType = sourcecode.swift; path = HomeViewController.swift; sourceTree = "<group>"; };
		63C933272265AF0200671213 /* KiClipperHelper.swift */ = {isa = PBXFileReference; fileEncoding = 4; lastKnownFileType = sourcecode.swift; path = KiClipperHelper.swift; sourceTree = "<group>"; };
		63C933282265AF0200671213 /* KiImageClipperViewController.swift */ = {isa = PBXFileReference; fileEncoding = 4; lastKnownFileType = sourcecode.swift; path = KiImageClipperViewController.swift; sourceTree = "<group>"; };
		63C933292265AF0200671213 /* KiClipperView.swift */ = {isa = PBXFileReference; fileEncoding = 4; lastKnownFileType = sourcecode.swift; path = KiClipperView.swift; sourceTree = "<group>"; };
		899164E86F85578FBA6AB056 /* Pods-MediaEditDemo.release.xcconfig */ = {isa = PBXFileReference; includeInIndex = 1; lastKnownFileType = text.xcconfig; name = "Pods-MediaEditDemo.release.xcconfig"; path = "Pods/Target Support Files/Pods-MediaEditDemo/Pods-MediaEditDemo.release.xcconfig"; sourceTree = "<group>"; };
		EC482040F6881DE3016E766B /* Pods-MediaEditDemo.debug.xcconfig */ = {isa = PBXFileReference; includeInIndex = 1; lastKnownFileType = text.xcconfig; name = "Pods-MediaEditDemo.debug.xcconfig"; path = "Pods/Target Support Files/Pods-MediaEditDemo/Pods-MediaEditDemo.debug.xcconfig"; sourceTree = "<group>"; };
/* End PBXFileReference section */

/* Begin PBXFrameworksBuildPhase section */
		63C9330A2265674100671213 /* Frameworks */ = {
			isa = PBXFrameworksBuildPhase;
			buildActionMask = 2147483647;
			files = (
				8EE8358059BC5F3D359C43AA /* Pods_MediaEditDemo.framework in Frameworks */,
			);
			runOnlyForDeploymentPostprocessing = 0;
		};
/* End PBXFrameworksBuildPhase section */

/* Begin PBXGroup section */
		5605D0EC44FA03C41E6EBCE2 /* Frameworks */ = {
			isa = PBXGroup;
			children = (
				61C74250422D9A5D8547DE8C /* Pods_MediaEditDemo.framework */,
			);
			name = Frameworks;
			sourceTree = "<group>";
		};
		63C933042265674100671213 = {
			isa = PBXGroup;
			children = (
				63C9330F2265674100671213 /* MediaEditDemo */,
				63C9330E2265674100671213 /* Products */,
				DDBC77709A066CAAE2ABB488 /* Pods */,
				5605D0EC44FA03C41E6EBCE2 /* Frameworks */,
			);
			sourceTree = "<group>";
		};
		63C9330E2265674100671213 /* Products */ = {
			isa = PBXGroup;
			children = (
				63C9330D2265674100671213 /* MediaEditDemo.app */,
			);
			name = Products;
			sourceTree = "<group>";
		};
		63C9330F2265674100671213 /* MediaEditDemo */ = {
			isa = PBXGroup;
			children = (
				63C933252265AEE600671213 /* EditImages */,
				63C933102265674100671213 /* AppDelegate.swift */,
				63C9332222656B6000671213 /* HomeViewController.swift */,
				63C933242265A5AB00671213 /* Supportting Files */,
			);
			path = MediaEditDemo;
			sourceTree = "<group>";
		};
		63C933242265A5AB00671213 /* Supportting Files */ = {
			isa = PBXGroup;
			children = (
				63C933172265674400671213 /* Assets.xcassets */,
				63C933192265674400671213 /* LaunchScreen.storyboard */,
				63C9331C2265674400671213 /* Info.plist */,
			);
			path = "Supportting Files";
			sourceTree = "<group>";
		};
		63C933252265AEE600671213 /* EditImages */ = {
			isa = PBXGroup;
			children = (
				63C933262265AF0200671213 /* KiClipperHelper */,
			);
			path = EditImages;
			sourceTree = "<group>";
		};
		63C933262265AF0200671213 /* KiClipperHelper */ = {
			isa = PBXGroup;
			children = (
				63C933272265AF0200671213 /* KiClipperHelper.swift */,
				63C933282265AF0200671213 /* KiImageClipperViewController.swift */,
				63C933292265AF0200671213 /* KiClipperView.swift */,
			);
			path = KiClipperHelper;
			sourceTree = "<group>";
		};
		DDBC77709A066CAAE2ABB488 /* Pods */ = {
			isa = PBXGroup;
			children = (
				EC482040F6881DE3016E766B /* Pods-MediaEditDemo.debug.xcconfig */,
				899164E86F85578FBA6AB056 /* Pods-MediaEditDemo.release.xcconfig */,
			);
			name = Pods;
			sourceTree = "<group>";
		};
/* End PBXGroup section */

/* Begin PBXNativeTarget section */
		63C9330C2265674100671213 /* MediaEditDemo */ = {
			isa = PBXNativeTarget;
			buildConfigurationList = 63C9331F2265674400671213 /* Build configuration list for PBXNativeTarget "MediaEditDemo" */;
			buildPhases = (
				1D53F1B01578F954AEE07097 /* [CP] Check Pods Manifest.lock */,
				63C933092265674100671213 /* Sources */,
				63C9330A2265674100671213 /* Frameworks */,
				63C9330B2265674100671213 /* Resources */,
				C0685944691DEC3EDBD9155E /* [CP] Embed Pods Frameworks */,
			);
			buildRules = (
			);
			dependencies = (
			);
			name = MediaEditDemo;
			productName = MediaEditDemo;
			productReference = 63C9330D2265674100671213 /* MediaEditDemo.app */;
			productType = "com.apple.product-type.application";
		};
/* End PBXNativeTarget section */

/* Begin PBXProject section */
		63C933052265674100671213 /* Project object */ = {
			isa = PBXProject;
			attributes = {
				LastSwiftUpdateCheck = 1010;
				LastUpgradeCheck = 1010;
				ORGANIZATIONNAME = david;
				TargetAttributes = {
					63C9330C2265674100671213 = {
						CreatedOnToolsVersion = 10.1;
					};
				};
			};
			buildConfigurationList = 63C933082265674100671213 /* Build configuration list for PBXProject "MediaEditDemo" */;
			compatibilityVersion = "Xcode 9.3";
			developmentRegion = en;
			hasScannedForEncodings = 0;
			knownRegions = (
				en,
				Base,
			);
			mainGroup = 63C933042265674100671213;
			productRefGroup = 63C9330E2265674100671213 /* Products */;
			projectDirPath = "";
			projectRoot = "";
			targets = (
				63C9330C2265674100671213 /* MediaEditDemo */,
			);
		};
/* End PBXProject section */

/* Begin PBXResourcesBuildPhase section */
		63C9330B2265674100671213 /* Resources */ = {
			isa = PBXResourcesBuildPhase;
			buildActionMask = 2147483647;
			files = (
				63C9331B2265674400671213 /* LaunchScreen.storyboard in Resources */,
				63C933182265674400671213 /* Assets.xcassets in Resources */,
			);
			runOnlyForDeploymentPostprocessing = 0;
		};
/* End PBXResourcesBuildPhase section */

/* Begin PBXShellScriptBuildPhase section */
		1D53F1B01578F954AEE07097 /* [CP] Check Pods Manifest.lock */ = {
			isa = PBXShellScriptBuildPhase;
			buildActionMask = 2147483647;
			files = (
			);
			inputFileListPaths = (
			);
			inputPaths = (
				"${PODS_PODFILE_DIR_PATH}/Podfile.lock",
				"${PODS_ROOT}/Manifest.lock",
			);
			name = "[CP] Check Pods Manifest.lock";
			outputFileListPaths = (
			);
			outputPaths = (
				"$(DERIVED_FILE_DIR)/Pods-MediaEditDemo-checkManifestLockResult.txt",
			);
			runOnlyForDeploymentPostprocessing = 0;
			shellPath = /bin/sh;
			shellScript = "diff \"${PODS_PODFILE_DIR_PATH}/Podfile.lock\" \"${PODS_ROOT}/Manifest.lock\" > /dev/null\nif [ $? != 0 ] ; then\n    # print error to STDERR\n    echo \"error: The sandbox is not in sync with the Podfile.lock. Run 'pod install' or update your CocoaPods installation.\" >&2\n    exit 1\nfi\n# This output is used by Xcode 'outputs' to avoid re-running this script phase.\necho \"SUCCESS\" > \"${SCRIPT_OUTPUT_FILE_0}\"\n";
			showEnvVarsInLog = 0;
		};
		C0685944691DEC3EDBD9155E /* [CP] Embed Pods Frameworks */ = {
			isa = PBXShellScriptBuildPhase;
			buildActionMask = 2147483647;
			files = (
			);
			inputFileListPaths = (
			);
			inputPaths = (
				"${SRCROOT}/Pods/Target Support Files/Pods-MediaEditDemo/Pods-MediaEditDemo-frameworks.sh",
				"${BUILT_PRODUCTS_DIR}/DJExtension/DJExtension.framework",
				"${BUILT_PRODUCTS_DIR}/SVProgressHUD/SVProgressHUD.framework",
				"${BUILT_PRODUCTS_DIR}/SnapKit/SnapKit.framework",
			);
			name = "[CP] Embed Pods Frameworks";
			outputFileListPaths = (
			);
			outputPaths = (
				"${TARGET_BUILD_DIR}/${FRAMEWORKS_FOLDER_PATH}/DJExtension.framework",
				"${TARGET_BUILD_DIR}/${FRAMEWORKS_FOLDER_PATH}/SVProgressHUD.framework",
				"${TARGET_BUILD_DIR}/${FRAMEWORKS_FOLDER_PATH}/SnapKit.framework",
			);
			runOnlyForDeploymentPostprocessing = 0;
			shellPath = /bin/sh;
			shellScript = "\"${SRCROOT}/Pods/Target Support Files/Pods-MediaEditDemo/Pods-MediaEditDemo-frameworks.sh\"\n";
			showEnvVarsInLog = 0;
		};
/* End PBXShellScriptBuildPhase section */

/* Begin PBXSourcesBuildPhase section */
		63C933092265674100671213 /* Sources */ = {
			isa = PBXSourcesBuildPhase;
			buildActionMask = 2147483647;
			files = (
				63C933112265674100671213 /* AppDelegate.swift in Sources */,
				63C9332322656B6000671213 /* HomeViewController.swift in Sources */,
				63C9332C2265AF0200671213 /* KiClipperView.swift in Sources */,
				63C9332B2265AF0200671213 /* KiImageClipperViewController.swift in Sources */,
				63C9332A2265AF0200671213 /* KiClipperHelper.swift in Sources */,
			);
			runOnlyForDeploymentPostprocessing = 0;
		};
/* End PBXSourcesBuildPhase section */

/* Begin PBXVariantGroup section */
		63C933192265674400671213 /* LaunchScreen.storyboard */ = {
			isa = PBXVariantGroup;
			children = (
				63C9331A2265674400671213 /* Base */,
			);
			name = LaunchScreen.storyboard;
			sourceTree = "<group>";
		};
/* End PBXVariantGroup section */

/* Begin XCBuildConfiguration section */
		63C9331D2265674400671213 /* Debug */ = {
			isa = XCBuildConfiguration;
			buildSettings = {
				ALWAYS_SEARCH_USER_PATHS = NO;
				CLANG_ANALYZER_NONNULL = YES;
				CLANG_ANALYZER_NUMBER_OBJECT_CONVERSION = YES_AGGRESSIVE;
				CLANG_CXX_LANGUAGE_STANDARD = "gnu++14";
				CLANG_CXX_LIBRARY = "libc++";
				CLANG_ENABLE_MODULES = YES;
				CLANG_ENABLE_OBJC_ARC = YES;
				CLANG_ENABLE_OBJC_WEAK = YES;
				CLANG_WARN_BLOCK_CAPTURE_AUTORELEASING = YES;
				CLANG_WARN_BOOL_CONVERSION = YES;
				CLANG_WARN_COMMA = YES;
				CLANG_WARN_CONSTANT_CONVERSION = YES;
				CLANG_WARN_DEPRECATED_OBJC_IMPLEMENTATIONS = YES;
				CLANG_WARN_DIRECT_OBJC_ISA_USAGE = YES_ERROR;
				CLANG_WARN_DOCUMENTATION_COMMENTS = YES;
				CLANG_WARN_EMPTY_BODY = YES;
				CLANG_WARN_ENUM_CONVERSION = YES;
				CLANG_WARN_INFINITE_RECURSION = YES;
				CLANG_WARN_INT_CONVERSION = YES;
				CLANG_WARN_NON_LITERAL_NULL_CONVERSION = YES;
				CLANG_WARN_OBJC_IMPLICIT_RETAIN_SELF = YES;
				CLANG_WARN_OBJC_LITERAL_CONVERSION = YES;
				CLANG_WARN_OBJC_ROOT_CLASS = YES_ERROR;
				CLANG_WARN_RANGE_LOOP_ANALYSIS = YES;
				CLANG_WARN_STRICT_PROTOTYPES = YES;
				CLANG_WARN_SUSPICIOUS_MOVE = YES;
				CLANG_WARN_UNGUARDED_AVAILABILITY = YES_AGGRESSIVE;
				CLANG_WARN_UNREACHABLE_CODE = YES;
				CLANG_WARN__DUPLICATE_METHOD_MATCH = YES;
				CODE_SIGN_IDENTITY = "iPhone Developer";
				COPY_PHASE_STRIP = NO;
				DEBUG_INFORMATION_FORMAT = dwarf;
				ENABLE_STRICT_OBJC_MSGSEND = YES;
				ENABLE_TESTABILITY = YES;
				GCC_C_LANGUAGE_STANDARD = gnu11;
				GCC_DYNAMIC_NO_PIC = NO;
				GCC_NO_COMMON_BLOCKS = YES;
				GCC_OPTIMIZATION_LEVEL = 0;
				GCC_PREPROCESSOR_DEFINITIONS = (
					"DEBUG=1",
					"$(inherited)",
				);
				GCC_WARN_64_TO_32_BIT_CONVERSION = YES;
				GCC_WARN_ABOUT_RETURN_TYPE = YES_ERROR;
				GCC_WARN_UNDECLARED_SELECTOR = YES;
				GCC_WARN_UNINITIALIZED_AUTOS = YES_AGGRESSIVE;
				GCC_WARN_UNUSED_FUNCTION = YES;
				GCC_WARN_UNUSED_VARIABLE = YES;
				IPHONEOS_DEPLOYMENT_TARGET = 12.1;
				MTL_ENABLE_DEBUG_INFO = INCLUDE_SOURCE;
				MTL_FAST_MATH = YES;
				ONLY_ACTIVE_ARCH = YES;
				SDKROOT = iphoneos;
				SWIFT_ACTIVE_COMPILATION_CONDITIONS = DEBUG;
				SWIFT_OPTIMIZATION_LEVEL = "-Onone";
			};
			name = Debug;
		};
		63C9331E2265674400671213 /* Release */ = {
			isa = XCBuildConfiguration;
			buildSettings = {
				ALWAYS_SEARCH_USER_PATHS = NO;
				CLANG_ANALYZER_NONNULL = YES;
				CLANG_ANALYZER_NUMBER_OBJECT_CONVERSION = YES_AGGRESSIVE;
				CLANG_CXX_LANGUAGE_STANDARD = "gnu++14";
				CLANG_CXX_LIBRARY = "libc++";
				CLANG_ENABLE_MODULES = YES;
				CLANG_ENABLE_OBJC_ARC = YES;
				CLANG_ENABLE_OBJC_WEAK = YES;
				CLANG_WARN_BLOCK_CAPTURE_AUTORELEASING = YES;
				CLANG_WARN_BOOL_CONVERSION = YES;
				CLANG_WARN_COMMA = YES;
				CLANG_WARN_CONSTANT_CONVERSION = YES;
				CLANG_WARN_DEPRECATED_OBJC_IMPLEMENTATIONS = YES;
				CLANG_WARN_DIRECT_OBJC_ISA_USAGE = YES_ERROR;
				CLANG_WARN_DOCUMENTATION_COMMENTS = YES;
				CLANG_WARN_EMPTY_BODY = YES;
				CLANG_WARN_ENUM_CONVERSION = YES;
				CLANG_WARN_INFINITE_RECURSION = YES;
				CLANG_WARN_INT_CONVERSION = YES;
				CLANG_WARN_NON_LITERAL_NULL_CONVERSION = YES;
				CLANG_WARN_OBJC_IMPLICIT_RETAIN_SELF = YES;
				CLANG_WARN_OBJC_LITERAL_CONVERSION = YES;
				CLANG_WARN_OBJC_ROOT_CLASS = YES_ERROR;
				CLANG_WARN_RANGE_LOOP_ANALYSIS = YES;
				CLANG_WARN_STRICT_PROTOTYPES = YES;
				CLANG_WARN_SUSPICIOUS_MOVE = YES;
				CLANG_WARN_UNGUARDED_AVAILABILITY = YES_AGGRESSIVE;
				CLANG_WARN_UNREACHABLE_CODE = YES;
				CLANG_WARN__DUPLICATE_METHOD_MATCH = YES;
				CODE_SIGN_IDENTITY = "iPhone Developer";
				COPY_PHASE_STRIP = NO;
				DEBUG_INFORMATION_FORMAT = "dwarf-with-dsym";
				ENABLE_NS_ASSERTIONS = NO;
				ENABLE_STRICT_OBJC_MSGSEND = YES;
				GCC_C_LANGUAGE_STANDARD = gnu11;
				GCC_NO_COMMON_BLOCKS = YES;
				GCC_WARN_64_TO_32_BIT_CONVERSION = YES;
				GCC_WARN_ABOUT_RETURN_TYPE = YES_ERROR;
				GCC_WARN_UNDECLARED_SELECTOR = YES;
				GCC_WARN_UNINITIALIZED_AUTOS = YES_AGGRESSIVE;
				GCC_WARN_UNUSED_FUNCTION = YES;
				GCC_WARN_UNUSED_VARIABLE = YES;
				IPHONEOS_DEPLOYMENT_TARGET = 12.1;
				MTL_ENABLE_DEBUG_INFO = NO;
				MTL_FAST_MATH = YES;
				SDKROOT = iphoneos;
				SWIFT_COMPILATION_MODE = wholemodule;
				SWIFT_OPTIMIZATION_LEVEL = "-O";
				VALIDATE_PRODUCT = YES;
			};
			name = Release;
		};
		63C933202265674400671213 /* Debug */ = {
			isa = XCBuildConfiguration;
			baseConfigurationReference = EC482040F6881DE3016E766B /* Pods-MediaEditDemo.debug.xcconfig */;
			buildSettings = {
				ASSETCATALOG_COMPILER_APPICON_NAME = AppIcon;
				CODE_SIGN_STYLE = Automatic;
				DEVELOPMENT_TEAM = R2D7HB6A6A;
				INFOPLIST_FILE = "$(SRCROOT)/MediaEditDemo/Supportting Files/Info.plist";
				LD_RUNPATH_SEARCH_PATHS = (
					"$(inherited)",
					"@executable_path/Frameworks",
				);
				PRODUCT_BUNDLE_IDENTIFIER = com.david.MediaEditDemo;
				PRODUCT_NAME = "$(TARGET_NAME)";
				SWIFT_VERSION = 4.2;
				TARGETED_DEVICE_FAMILY = 1;
			};
			name = Debug;
		};
		63C933212265674400671213 /* Release */ = {
			isa = XCBuildConfiguration;
			baseConfigurationReference = 899164E86F85578FBA6AB056 /* Pods-MediaEditDemo.release.xcconfig */;
			buildSettings = {
				ASSETCATALOG_COMPILER_APPICON_NAME = AppIcon;
				CODE_SIGN_STYLE = Automatic;
				DEVELOPMENT_TEAM = R2D7HB6A6A;
				INFOPLIST_FILE = "$(SRCROOT)/MediaEditDemo/Supportting Files/Info.plist";
				LD_RUNPATH_SEARCH_PATHS = (
					"$(inherited)",
					"@executable_path/Frameworks",
				);
				PRODUCT_BUNDLE_IDENTIFIER = com.david.MediaEditDemo;
				PRODUCT_NAME = "$(TARGET_NAME)";
				SWIFT_VERSION = 4.2;
				TARGETED_DEVICE_FAMILY = 1;
			};
			name = Release;
		};
/* End XCBuildConfiguration section */

/* Begin XCConfigurationList section */
		63C933082265674100671213 /* Build configuration list for PBXProject "MediaEditDemo" */ = {
			isa = XCConfigurationList;
			buildConfigurations = (
				63C9331D2265674400671213 /* Debug */,
				63C9331E2265674400671213 /* Release */,
			);
			defaultConfigurationIsVisible = 0;
			defaultConfigurationName = Release;
		};
		63C9331F2265674400671213 /* Build configuration list for PBXNativeTarget "MediaEditDemo" */ = {
			isa = XCConfigurationList;
			buildConfigurations = (
				63C933202265674400671213 /* Debug */,
				63C933212265674400671213 /* Release */,
			);
			defaultConfigurationIsVisible = 0;
			defaultConfigurationName = Release;
		};
/* End XCConfigurationList section */
	};
	rootObject = 63C933052265674100671213 /* Project object */;
}
